// !$*UTF8*$!
{
	archiveVersion = 1;
	classes = {
	};
	objectVersion = 56;
	objects = {

/* Begin PBXBuildFile section */
		6D9D21162B3C24F800431A8E /* LocationDetailInteractable.swift in Sources */ = {isa = PBXBuildFile; fileRef = 6D9D21152B3C24F800431A8E /* LocationDetailInteractable.swift */; };
		6D9D21182B3C250100431A8E /* LocationDetailPresenterUI.swift in Sources */ = {isa = PBXBuildFile; fileRef = 6D9D21172B3C250100431A8E /* LocationDetailPresenterUI.swift */; };
		6D9D211A2B3C250A00431A8E /* LocationDetailPresentable.swift in Sources */ = {isa = PBXBuildFile; fileRef = 6D9D21192B3C250A00431A8E /* LocationDetailPresentable.swift */; };
		6D9D211C2B3C251400431A8E /* LocationDetailRouting.swift in Sources */ = {isa = PBXBuildFile; fileRef = 6D9D211B2B3C251400431A8E /* LocationDetailRouting.swift */; };
		6D9D211E2B3C251D00431A8E /* LocationDetailViewModel.swift in Sources */ = {isa = PBXBuildFile; fileRef = 6D9D211D2B3C251D00431A8E /* LocationDetailViewModel.swift */; };
		6D9D21202B3C252600431A8E /* LocationDetailMapper.swift in Sources */ = {isa = PBXBuildFile; fileRef = 6D9D211F2B3C252600431A8E /* LocationDetailMapper.swift */; };
		6D9D21222B3C253100431A8E /* LocationDetailView.swift in Sources */ = {isa = PBXBuildFile; fileRef = 6D9D21212B3C253100431A8E /* LocationDetailView.swift */; };
		6D9D21242B3C253900431A8E /* LocationDetailPresenter.swift in Sources */ = {isa = PBXBuildFile; fileRef = 6D9D21232B3C253900431A8E /* LocationDetailPresenter.swift */; };
		6D9D21262B3C254000431A8E /* LocationDetailInteractor.swift in Sources */ = {isa = PBXBuildFile; fileRef = 6D9D21252B3C254000431A8E /* LocationDetailInteractor.swift */; };
		6D9D21282B3C254700431A8E /* LocationDetailRouter.swift in Sources */ = {isa = PBXBuildFile; fileRef = 6D9D21272B3C254700431A8E /* LocationDetailRouter.swift */; };
		6D9D212B2B3C25F900431A8E /* LocationDetailEntity.swift in Sources */ = {isa = PBXBuildFile; fileRef = 6D9D212A2B3C25F900431A8E /* LocationDetailEntity.swift */; };
		6D9D21352B3C2B0500431A8E /* EpisodesResponseEntity.swift in Sources */ = {isa = PBXBuildFile; fileRef = 6D9D21342B3C2B0500431A8E /* EpisodesResponseEntity.swift */; };
		6D9D21372B3C2B0D00431A8E /* EpisodesEntity.swift in Sources */ = {isa = PBXBuildFile; fileRef = 6D9D21362B3C2B0D00431A8E /* EpisodesEntity.swift */; };
		6D9D21392B3C2B1800431A8E /* EpisodeCellViewModel.swift in Sources */ = {isa = PBXBuildFile; fileRef = 6D9D21382B3C2B1800431A8E /* EpisodeCellViewModel.swift */; };
		6D9D213B2B3C2B2000431A8E /* EpisodeMapper.swift in Sources */ = {isa = PBXBuildFile; fileRef = 6D9D213A2B3C2B2000431A8E /* EpisodeMapper.swift */; };
		6D9D213D2B3C2B3100431A8E /* EpisodesListInteractable.swift in Sources */ = {isa = PBXBuildFile; fileRef = 6D9D213C2B3C2B3100431A8E /* EpisodesListInteractable.swift */; };
		6D9D213F2B3C2B3A00431A8E /* EpisodesListPresentable.swift in Sources */ = {isa = PBXBuildFile; fileRef = 6D9D213E2B3C2B3A00431A8E /* EpisodesListPresentable.swift */; };
		6D9D21412B3C2B4300431A8E /* EpisodesListUI.swift in Sources */ = {isa = PBXBuildFile; fileRef = 6D9D21402B3C2B4300431A8E /* EpisodesListUI.swift */; };
		6D9D21432B3C2B4B00431A8E /* EpisodesListRouting.swift in Sources */ = {isa = PBXBuildFile; fileRef = 6D9D21422B3C2B4B00431A8E /* EpisodesListRouting.swift */; };
		6D9D21452B3C2B5600431A8E /* EpisodeCellView.swift in Sources */ = {isa = PBXBuildFile; fileRef = 6D9D21442B3C2B5600431A8E /* EpisodeCellView.swift */; };
		6D9D21472B3C2B6000431A8E /* EpisodesListView.swift in Sources */ = {isa = PBXBuildFile; fileRef = 6D9D21462B3C2B6000431A8E /* EpisodesListView.swift */; };
		6D9D21492B3C2B6A00431A8E /* EpisodesListInteractor.swift in Sources */ = {isa = PBXBuildFile; fileRef = 6D9D21482B3C2B6A00431A8E /* EpisodesListInteractor.swift */; };
		6D9D214B2B3C2B7300431A8E /* EpisodesListPresenter.swift in Sources */ = {isa = PBXBuildFile; fileRef = 6D9D214A2B3C2B7300431A8E /* EpisodesListPresenter.swift */; };
		6D9D214D2B3C2B7B00431A8E /* EpisodesListRouter.swift in Sources */ = {isa = PBXBuildFile; fileRef = 6D9D214C2B3C2B7B00431A8E /* EpisodesListRouter.swift */; };
		6D9D214F2B3C2B8E00431A8E /* EpisodeDetailEntity.swift in Sources */ = {isa = PBXBuildFile; fileRef = 6D9D214E2B3C2B8E00431A8E /* EpisodeDetailEntity.swift */; };
		6D9D21512B3C2B9900431A8E /* EpisodeDetailViewModel.swift in Sources */ = {isa = PBXBuildFile; fileRef = 6D9D21502B3C2B9900431A8E /* EpisodeDetailViewModel.swift */; };
		6D9D21532B3C2BA000431A8E /* EpisodeDetailMapper.swift in Sources */ = {isa = PBXBuildFile; fileRef = 6D9D21522B3C2BA000431A8E /* EpisodeDetailMapper.swift */; };
		6D9D21552B3C2BAE00431A8E /* EpisodeDetailInteractable.swift in Sources */ = {isa = PBXBuildFile; fileRef = 6D9D21542B3C2BAE00431A8E /* EpisodeDetailInteractable.swift */; };
		6D9D21572B3C2BB700431A8E /* EpisodeDetailPresenterUI.swift in Sources */ = {isa = PBXBuildFile; fileRef = 6D9D21562B3C2BB700431A8E /* EpisodeDetailPresenterUI.swift */; };
		6D9D21592B3C2BBE00431A8E /* EpisodeDetailPresentable.swift in Sources */ = {isa = PBXBuildFile; fileRef = 6D9D21582B3C2BBE00431A8E /* EpisodeDetailPresentable.swift */; };
		6D9D215B2B3C2BC700431A8E /* EpisodeDetailRouting.swift in Sources */ = {isa = PBXBuildFile; fileRef = 6D9D215A2B3C2BC700431A8E /* EpisodeDetailRouting.swift */; };
		6D9D215D2B3C2BD500431A8E /* EpisodeDetailView.swift in Sources */ = {isa = PBXBuildFile; fileRef = 6D9D215C2B3C2BD500431A8E /* EpisodeDetailView.swift */; };
		6D9D215F2B3C2BDD00431A8E /* EpisodeDetailPresenter.swift in Sources */ = {isa = PBXBuildFile; fileRef = 6D9D215E2B3C2BDD00431A8E /* EpisodeDetailPresenter.swift */; };
		6D9D21612B3C2BE500431A8E /* EpisodeDetailInteractor.swift in Sources */ = {isa = PBXBuildFile; fileRef = 6D9D21602B3C2BE500431A8E /* EpisodeDetailInteractor.swift */; };
		6D9D21632B3C2BEC00431A8E /* EpisodeDetailRouter.swift in Sources */ = {isa = PBXBuildFile; fileRef = 6D9D21622B3C2BEC00431A8E /* EpisodeDetailRouter.swift */; };
		6D9D21652B3C396B00431A8E /* CharacterDetailEpisodeViewModel.swift in Sources */ = {isa = PBXBuildFile; fileRef = 6D9D21642B3C396B00431A8E /* CharacterDetailEpisodeViewModel.swift */; };
		6D9D21672B3C558400431A8E /* LocationDetailResidentViewModel.swift in Sources */ = {isa = PBXBuildFile; fileRef = 6D9D21662B3C558400431A8E /* LocationDetailResidentViewModel.swift */; };
		6D9D21692B3C57AB00431A8E /* LocationDetailResidentCellView.swift in Sources */ = {isa = PBXBuildFile; fileRef = 6D9D21682B3C57AB00431A8E /* LocationDetailResidentCellView.swift */; };
		6DFF69072B3ACF8A002F9277 /* AppDelegate.swift in Sources */ = {isa = PBXBuildFile; fileRef = 6DFF69062B3ACF8A002F9277 /* AppDelegate.swift */; };
		6DFF69092B3ACF8A002F9277 /* SceneDelegate.swift in Sources */ = {isa = PBXBuildFile; fileRef = 6DFF69082B3ACF8A002F9277 /* SceneDelegate.swift */; };
		6DFF690B2B3ACF8A002F9277 /* ViewController.swift in Sources */ = {isa = PBXBuildFile; fileRef = 6DFF690A2B3ACF8A002F9277 /* ViewController.swift */; };
		6DFF690E2B3ACF8A002F9277 /* Main.storyboard in Resources */ = {isa = PBXBuildFile; fileRef = 6DFF690C2B3ACF8A002F9277 /* Main.storyboard */; };
		6DFF69102B3ACF8D002F9277 /* Assets.xcassets in Resources */ = {isa = PBXBuildFile; fileRef = 6DFF690F2B3ACF8D002F9277 /* Assets.xcassets */; };
		6DFF69132B3ACF8D002F9277 /* LaunchScreen.storyboard in Resources */ = {isa = PBXBuildFile; fileRef = 6DFF69112B3ACF8D002F9277 /* LaunchScreen.storyboard */; };
		6DFF69252B3AD169002F9277 /* CharacterCellView.swift in Sources */ = {isa = PBXBuildFile; fileRef = 6DFF69242B3AD169002F9277 /* CharacterCellView.swift */; };
		6DFF69272B3AD173002F9277 /* CharactersListView.swift in Sources */ = {isa = PBXBuildFile; fileRef = 6DFF69262B3AD173002F9277 /* CharactersListView.swift */; };
		6DFF69292B3AD181002F9277 /* CharactersListInteractor.swift in Sources */ = {isa = PBXBuildFile; fileRef = 6DFF69282B3AD181002F9277 /* CharactersListInteractor.swift */; };
		6DFF692B2B3AD18C002F9277 /* CharactersListPresenter.swift in Sources */ = {isa = PBXBuildFile; fileRef = 6DFF692A2B3AD18C002F9277 /* CharactersListPresenter.swift */; };
		6DFF692D2B3AD196002F9277 /* CharactersListRouter.swift in Sources */ = {isa = PBXBuildFile; fileRef = 6DFF692C2B3AD196002F9277 /* CharactersListRouter.swift */; };
		6DFF69302B3AD1D8002F9277 /* CharactersResponseEntity.swift in Sources */ = {isa = PBXBuildFile; fileRef = 6DFF692F2B3AD1D8002F9277 /* CharactersResponseEntity.swift */; };
		6DFF69322B3AD20D002F9277 /* CharactersEntity.swift in Sources */ = {isa = PBXBuildFile; fileRef = 6DFF69312B3AD20D002F9277 /* CharactersEntity.swift */; };
		6DFF69342B3AD2CF002F9277 /* CharactersListInteractable.swift in Sources */ = {isa = PBXBuildFile; fileRef = 6DFF69332B3AD2CF002F9277 /* CharactersListInteractable.swift */; };
		6DFF69362B3AD387002F9277 /* CharacterCellViewModel.swift in Sources */ = {isa = PBXBuildFile; fileRef = 6DFF69352B3AD387002F9277 /* CharacterCellViewModel.swift */; };
		6DFF69382B3AD3FB002F9277 /* CharacterMapper.swift in Sources */ = {isa = PBXBuildFile; fileRef = 6DFF69372B3AD3FB002F9277 /* CharacterMapper.swift */; };
		6DFF693B2B3AD488002F9277 /* Kingfisher in Frameworks */ = {isa = PBXBuildFile; productRef = 6DFF693A2B3AD488002F9277 /* Kingfisher */; };
		6DFF693D2B3AD614002F9277 /* CharactersListPresentable.swift in Sources */ = {isa = PBXBuildFile; fileRef = 6DFF693C2B3AD614002F9277 /* CharactersListPresentable.swift */; };
		6DFF693F2B3AD638002F9277 /* CharactersListUI.swift in Sources */ = {isa = PBXBuildFile; fileRef = 6DFF693E2B3AD638002F9277 /* CharactersListUI.swift */; };
		6DFF69412B3AD843002F9277 /* CharactersListRouting.swift in Sources */ = {isa = PBXBuildFile; fileRef = 6DFF69402B3AD843002F9277 /* CharactersListRouting.swift */; };
		6DFF69462B3AD9D6002F9277 /* CharacterDetailInteractable.swift in Sources */ = {isa = PBXBuildFile; fileRef = 6DFF69452B3AD9D6002F9277 /* CharacterDetailInteractable.swift */; };
		6DFF69482B3AD9E3002F9277 /* CharacterDetailPresenterUI.swift in Sources */ = {isa = PBXBuildFile; fileRef = 6DFF69472B3AD9E3002F9277 /* CharacterDetailPresenterUI.swift */; };
		6DFF694A2B3AD9EE002F9277 /* CharacterDetailPresentable.swift in Sources */ = {isa = PBXBuildFile; fileRef = 6DFF69492B3AD9EE002F9277 /* CharacterDetailPresentable.swift */; };
		6DFF694C2B3AD9F6002F9277 /* CharacterDetailRouting.swift in Sources */ = {isa = PBXBuildFile; fileRef = 6DFF694B2B3AD9F6002F9277 /* CharacterDetailRouting.swift */; };
		6DFF694E2B3ADA0B002F9277 /* CharacterDetailViewModel.swift in Sources */ = {isa = PBXBuildFile; fileRef = 6DFF694D2B3ADA0B002F9277 /* CharacterDetailViewModel.swift */; };
		6DFF69502B3ADA16002F9277 /* CharacterDetailMapper.swift in Sources */ = {isa = PBXBuildFile; fileRef = 6DFF694F2B3ADA16002F9277 /* CharacterDetailMapper.swift */; };
		6DFF69522B3ADA22002F9277 /* CharacterDetailView.swift in Sources */ = {isa = PBXBuildFile; fileRef = 6DFF69512B3ADA22002F9277 /* CharacterDetailView.swift */; };
		6DFF69542B3ADA2C002F9277 /* CharacterDetailPresenter.swift in Sources */ = {isa = PBXBuildFile; fileRef = 6DFF69532B3ADA2C002F9277 /* CharacterDetailPresenter.swift */; };
		6DFF69562B3ADA3A002F9277 /* CharacterDetailInteractor.swift in Sources */ = {isa = PBXBuildFile; fileRef = 6DFF69552B3ADA3A002F9277 /* CharacterDetailInteractor.swift */; };
		6DFF69582B3ADA48002F9277 /* CharacterDetailRouter.swift in Sources */ = {isa = PBXBuildFile; fileRef = 6DFF69572B3ADA48002F9277 /* CharacterDetailRouter.swift */; };
		6DFF695B2B3ADA66002F9277 /* CharacterDetailEntity.swift in Sources */ = {isa = PBXBuildFile; fileRef = 6DFF695A2B3ADA66002F9277 /* CharacterDetailEntity.swift */; };
		6DFF69672B3B406D002F9277 /* LocationCellView.swift in Sources */ = {isa = PBXBuildFile; fileRef = 6DFF69662B3B406D002F9277 /* LocationCellView.swift */; };
		6DFF69692B3B4075002F9277 /* LocationsListView.swift in Sources */ = {isa = PBXBuildFile; fileRef = 6DFF69682B3B4075002F9277 /* LocationsListView.swift */; };
		6DFF696B2B3B4081002F9277 /* LocationsListInteractor.swift in Sources */ = {isa = PBXBuildFile; fileRef = 6DFF696A2B3B4081002F9277 /* LocationsListInteractor.swift */; };
		6DFF696D2B3B408A002F9277 /* LocationsListPresenter.swift in Sources */ = {isa = PBXBuildFile; fileRef = 6DFF696C2B3B408A002F9277 /* LocationsListPresenter.swift */; };
		6DFF696F2B3B4092002F9277 /* LocationsListRouter.swift in Sources */ = {isa = PBXBuildFile; fileRef = 6DFF696E2B3B4092002F9277 /* LocationsListRouter.swift */; };
		6DFF69712B3B409D002F9277 /* LocationCellViewModel.swift in Sources */ = {isa = PBXBuildFile; fileRef = 6DFF69702B3B409D002F9277 /* LocationCellViewModel.swift */; };
		6DFF69732B3B40A4002F9277 /* LocationMapper.swift in Sources */ = {isa = PBXBuildFile; fileRef = 6DFF69722B3B40A4002F9277 /* LocationMapper.swift */; };
		6DFF69752B3B40B0002F9277 /* LocationsListInteractable.swift in Sources */ = {isa = PBXBuildFile; fileRef = 6DFF69742B3B40B0002F9277 /* LocationsListInteractable.swift */; };
		6DFF69772B3B40B8002F9277 /* LocationsListPresentable.swift in Sources */ = {isa = PBXBuildFile; fileRef = 6DFF69762B3B40B8002F9277 /* LocationsListPresentable.swift */; };
		6DFF69792B3B40C1002F9277 /* LocationsListUI.swift in Sources */ = {isa = PBXBuildFile; fileRef = 6DFF69782B3B40C1002F9277 /* LocationsListUI.swift */; };
		6DFF697B2B3B40CD002F9277 /* LocationsListRouting.swift in Sources */ = {isa = PBXBuildFile; fileRef = 6DFF697A2B3B40CD002F9277 /* LocationsListRouting.swift */; };
		6DFF697E2B3B4114002F9277 /* LocationsResponseEntity.swift in Sources */ = {isa = PBXBuildFile; fileRef = 6DFF697D2B3B4114002F9277 /* LocationsResponseEntity.swift */; };
		6DFF69802B3B411F002F9277 /* LocationsEntity.swift in Sources */ = {isa = PBXBuildFile; fileRef = 6DFF697F2B3B411F002F9277 /* LocationsEntity.swift */; };
/* End PBXBuildFile section */

/* Begin PBXFileReference section */
		6D9D21152B3C24F800431A8E /* LocationDetailInteractable.swift */ = {isa = PBXFileReference; lastKnownFileType = sourcecode.swift; path = LocationDetailInteractable.swift; sourceTree = "<group>"; };
		6D9D21172B3C250100431A8E /* LocationDetailPresenterUI.swift */ = {isa = PBXFileReference; lastKnownFileType = sourcecode.swift; path = LocationDetailPresenterUI.swift; sourceTree = "<group>"; };
		6D9D21192B3C250A00431A8E /* LocationDetailPresentable.swift */ = {isa = PBXFileReference; lastKnownFileType = sourcecode.swift; path = LocationDetailPresentable.swift; sourceTree = "<group>"; };
		6D9D211B2B3C251400431A8E /* LocationDetailRouting.swift */ = {isa = PBXFileReference; lastKnownFileType = sourcecode.swift; path = LocationDetailRouting.swift; sourceTree = "<group>"; };
		6D9D211D2B3C251D00431A8E /* LocationDetailViewModel.swift */ = {isa = PBXFileReference; lastKnownFileType = sourcecode.swift; path = LocationDetailViewModel.swift; sourceTree = "<group>"; };
		6D9D211F2B3C252600431A8E /* LocationDetailMapper.swift */ = {isa = PBXFileReference; lastKnownFileType = sourcecode.swift; path = LocationDetailMapper.swift; sourceTree = "<group>"; };
		6D9D21212B3C253100431A8E /* LocationDetailView.swift */ = {isa = PBXFileReference; lastKnownFileType = sourcecode.swift; path = LocationDetailView.swift; sourceTree = "<group>"; };
		6D9D21232B3C253900431A8E /* LocationDetailPresenter.swift */ = {isa = PBXFileReference; lastKnownFileType = sourcecode.swift; path = LocationDetailPresenter.swift; sourceTree = "<group>"; };
		6D9D21252B3C254000431A8E /* LocationDetailInteractor.swift */ = {isa = PBXFileReference; lastKnownFileType = sourcecode.swift; path = LocationDetailInteractor.swift; sourceTree = "<group>"; };
		6D9D21272B3C254700431A8E /* LocationDetailRouter.swift */ = {isa = PBXFileReference; lastKnownFileType = sourcecode.swift; path = LocationDetailRouter.swift; sourceTree = "<group>"; };
		6D9D212A2B3C25F900431A8E /* LocationDetailEntity.swift */ = {isa = PBXFileReference; lastKnownFileType = sourcecode.swift; path = LocationDetailEntity.swift; sourceTree = "<group>"; };
		6D9D21342B3C2B0500431A8E /* EpisodesResponseEntity.swift */ = {isa = PBXFileReference; lastKnownFileType = sourcecode.swift; path = EpisodesResponseEntity.swift; sourceTree = "<group>"; };
		6D9D21362B3C2B0D00431A8E /* EpisodesEntity.swift */ = {isa = PBXFileReference; lastKnownFileType = sourcecode.swift; path = EpisodesEntity.swift; sourceTree = "<group>"; };
		6D9D21382B3C2B1800431A8E /* EpisodeCellViewModel.swift */ = {isa = PBXFileReference; lastKnownFileType = sourcecode.swift; path = EpisodeCellViewModel.swift; sourceTree = "<group>"; };
		6D9D213A2B3C2B2000431A8E /* EpisodeMapper.swift */ = {isa = PBXFileReference; lastKnownFileType = sourcecode.swift; path = EpisodeMapper.swift; sourceTree = "<group>"; };
		6D9D213C2B3C2B3100431A8E /* EpisodesListInteractable.swift */ = {isa = PBXFileReference; lastKnownFileType = sourcecode.swift; path = EpisodesListInteractable.swift; sourceTree = "<group>"; };
		6D9D213E2B3C2B3A00431A8E /* EpisodesListPresentable.swift */ = {isa = PBXFileReference; lastKnownFileType = sourcecode.swift; path = EpisodesListPresentable.swift; sourceTree = "<group>"; };
		6D9D21402B3C2B4300431A8E /* EpisodesListUI.swift */ = {isa = PBXFileReference; lastKnownFileType = sourcecode.swift; path = EpisodesListUI.swift; sourceTree = "<group>"; };
		6D9D21422B3C2B4B00431A8E /* EpisodesListRouting.swift */ = {isa = PBXFileReference; lastKnownFileType = sourcecode.swift; path = EpisodesListRouting.swift; sourceTree = "<group>"; };
		6D9D21442B3C2B5600431A8E /* EpisodeCellView.swift */ = {isa = PBXFileReference; lastKnownFileType = sourcecode.swift; path = EpisodeCellView.swift; sourceTree = "<group>"; };
		6D9D21462B3C2B6000431A8E /* EpisodesListView.swift */ = {isa = PBXFileReference; lastKnownFileType = sourcecode.swift; path = EpisodesListView.swift; sourceTree = "<group>"; };
		6D9D21482B3C2B6A00431A8E /* EpisodesListInteractor.swift */ = {isa = PBXFileReference; lastKnownFileType = sourcecode.swift; path = EpisodesListInteractor.swift; sourceTree = "<group>"; };
		6D9D214A2B3C2B7300431A8E /* EpisodesListPresenter.swift */ = {isa = PBXFileReference; lastKnownFileType = sourcecode.swift; path = EpisodesListPresenter.swift; sourceTree = "<group>"; };
		6D9D214C2B3C2B7B00431A8E /* EpisodesListRouter.swift */ = {isa = PBXFileReference; lastKnownFileType = sourcecode.swift; path = EpisodesListRouter.swift; sourceTree = "<group>"; };
		6D9D214E2B3C2B8E00431A8E /* EpisodeDetailEntity.swift */ = {isa = PBXFileReference; lastKnownFileType = sourcecode.swift; path = EpisodeDetailEntity.swift; sourceTree = "<group>"; };
		6D9D21502B3C2B9900431A8E /* EpisodeDetailViewModel.swift */ = {isa = PBXFileReference; lastKnownFileType = sourcecode.swift; path = EpisodeDetailViewModel.swift; sourceTree = "<group>"; };
		6D9D21522B3C2BA000431A8E /* EpisodeDetailMapper.swift */ = {isa = PBXFileReference; lastKnownFileType = sourcecode.swift; path = EpisodeDetailMapper.swift; sourceTree = "<group>"; };
		6D9D21542B3C2BAE00431A8E /* EpisodeDetailInteractable.swift */ = {isa = PBXFileReference; lastKnownFileType = sourcecode.swift; path = EpisodeDetailInteractable.swift; sourceTree = "<group>"; };
		6D9D21562B3C2BB700431A8E /* EpisodeDetailPresenterUI.swift */ = {isa = PBXFileReference; lastKnownFileType = sourcecode.swift; path = EpisodeDetailPresenterUI.swift; sourceTree = "<group>"; };
		6D9D21582B3C2BBE00431A8E /* EpisodeDetailPresentable.swift */ = {isa = PBXFileReference; lastKnownFileType = sourcecode.swift; path = EpisodeDetailPresentable.swift; sourceTree = "<group>"; };
		6D9D215A2B3C2BC700431A8E /* EpisodeDetailRouting.swift */ = {isa = PBXFileReference; lastKnownFileType = sourcecode.swift; path = EpisodeDetailRouting.swift; sourceTree = "<group>"; };
		6D9D215C2B3C2BD500431A8E /* EpisodeDetailView.swift */ = {isa = PBXFileReference; lastKnownFileType = sourcecode.swift; path = EpisodeDetailView.swift; sourceTree = "<group>"; };
		6D9D215E2B3C2BDD00431A8E /* EpisodeDetailPresenter.swift */ = {isa = PBXFileReference; lastKnownFileType = sourcecode.swift; path = EpisodeDetailPresenter.swift; sourceTree = "<group>"; };
		6D9D21602B3C2BE500431A8E /* EpisodeDetailInteractor.swift */ = {isa = PBXFileReference; lastKnownFileType = sourcecode.swift; path = EpisodeDetailInteractor.swift; sourceTree = "<group>"; };
		6D9D21622B3C2BEC00431A8E /* EpisodeDetailRouter.swift */ = {isa = PBXFileReference; lastKnownFileType = sourcecode.swift; path = EpisodeDetailRouter.swift; sourceTree = "<group>"; };
		6D9D21642B3C396B00431A8E /* CharacterDetailEpisodeViewModel.swift */ = {isa = PBXFileReference; lastKnownFileType = sourcecode.swift; path = CharacterDetailEpisodeViewModel.swift; sourceTree = "<group>"; };
		6D9D21662B3C558400431A8E /* LocationDetailResidentViewModel.swift */ = {isa = PBXFileReference; lastKnownFileType = sourcecode.swift; path = LocationDetailResidentViewModel.swift; sourceTree = "<group>"; };
		6D9D21682B3C57AB00431A8E /* LocationDetailResidentCellView.swift */ = {isa = PBXFileReference; lastKnownFileType = sourcecode.swift; path = LocationDetailResidentCellView.swift; sourceTree = "<group>"; };
		6DFF69032B3ACF8A002F9277 /* RickAndMortyVIPER.app */ = {isa = PBXFileReference; explicitFileType = wrapper.application; includeInIndex = 0; path = RickAndMortyVIPER.app; sourceTree = BUILT_PRODUCTS_DIR; };
		6DFF69062B3ACF8A002F9277 /* AppDelegate.swift */ = {isa = PBXFileReference; lastKnownFileType = sourcecode.swift; path = AppDelegate.swift; sourceTree = "<group>"; };
		6DFF69082B3ACF8A002F9277 /* SceneDelegate.swift */ = {isa = PBXFileReference; lastKnownFileType = sourcecode.swift; path = SceneDelegate.swift; sourceTree = "<group>"; };
		6DFF690A2B3ACF8A002F9277 /* ViewController.swift */ = {isa = PBXFileReference; lastKnownFileType = sourcecode.swift; path = ViewController.swift; sourceTree = "<group>"; };
		6DFF690D2B3ACF8A002F9277 /* Base */ = {isa = PBXFileReference; lastKnownFileType = file.storyboard; name = Base; path = Base.lproj/Main.storyboard; sourceTree = "<group>"; };
		6DFF690F2B3ACF8D002F9277 /* Assets.xcassets */ = {isa = PBXFileReference; lastKnownFileType = folder.assetcatalog; path = Assets.xcassets; sourceTree = "<group>"; };
		6DFF69122B3ACF8D002F9277 /* Base */ = {isa = PBXFileReference; lastKnownFileType = file.storyboard; name = Base; path = Base.lproj/LaunchScreen.storyboard; sourceTree = "<group>"; };
		6DFF69142B3ACF8D002F9277 /* Info.plist */ = {isa = PBXFileReference; lastKnownFileType = text.plist.xml; path = Info.plist; sourceTree = "<group>"; };
		6DFF69242B3AD169002F9277 /* CharacterCellView.swift */ = {isa = PBXFileReference; lastKnownFileType = sourcecode.swift; path = CharacterCellView.swift; sourceTree = "<group>"; };
		6DFF69262B3AD173002F9277 /* CharactersListView.swift */ = {isa = PBXFileReference; lastKnownFileType = sourcecode.swift; path = CharactersListView.swift; sourceTree = "<group>"; };
		6DFF69282B3AD181002F9277 /* CharactersListInteractor.swift */ = {isa = PBXFileReference; lastKnownFileType = sourcecode.swift; path = CharactersListInteractor.swift; sourceTree = "<group>"; };
		6DFF692A2B3AD18C002F9277 /* CharactersListPresenter.swift */ = {isa = PBXFileReference; lastKnownFileType = sourcecode.swift; path = CharactersListPresenter.swift; sourceTree = "<group>"; };
		6DFF692C2B3AD196002F9277 /* CharactersListRouter.swift */ = {isa = PBXFileReference; lastKnownFileType = sourcecode.swift; path = CharactersListRouter.swift; sourceTree = "<group>"; };
		6DFF692F2B3AD1D8002F9277 /* CharactersResponseEntity.swift */ = {isa = PBXFileReference; lastKnownFileType = sourcecode.swift; path = CharactersResponseEntity.swift; sourceTree = "<group>"; };
		6DFF69312B3AD20D002F9277 /* CharactersEntity.swift */ = {isa = PBXFileReference; lastKnownFileType = sourcecode.swift; path = CharactersEntity.swift; sourceTree = "<group>"; };
		6DFF69332B3AD2CF002F9277 /* CharactersListInteractable.swift */ = {isa = PBXFileReference; lastKnownFileType = sourcecode.swift; path = CharactersListInteractable.swift; sourceTree = "<group>"; };
		6DFF69352B3AD387002F9277 /* CharacterCellViewModel.swift */ = {isa = PBXFileReference; lastKnownFileType = sourcecode.swift; path = CharacterCellViewModel.swift; sourceTree = "<group>"; };
		6DFF69372B3AD3FB002F9277 /* CharacterMapper.swift */ = {isa = PBXFileReference; lastKnownFileType = sourcecode.swift; path = CharacterMapper.swift; sourceTree = "<group>"; };
		6DFF693C2B3AD614002F9277 /* CharactersListPresentable.swift */ = {isa = PBXFileReference; lastKnownFileType = sourcecode.swift; path = CharactersListPresentable.swift; sourceTree = "<group>"; };
		6DFF693E2B3AD638002F9277 /* CharactersListUI.swift */ = {isa = PBXFileReference; lastKnownFileType = sourcecode.swift; path = CharactersListUI.swift; sourceTree = "<group>"; };
		6DFF69402B3AD843002F9277 /* CharactersListRouting.swift */ = {isa = PBXFileReference; lastKnownFileType = sourcecode.swift; path = CharactersListRouting.swift; sourceTree = "<group>"; };
		6DFF69452B3AD9D6002F9277 /* CharacterDetailInteractable.swift */ = {isa = PBXFileReference; lastKnownFileType = sourcecode.swift; path = CharacterDetailInteractable.swift; sourceTree = "<group>"; };
		6DFF69472B3AD9E3002F9277 /* CharacterDetailPresenterUI.swift */ = {isa = PBXFileReference; lastKnownFileType = sourcecode.swift; path = CharacterDetailPresenterUI.swift; sourceTree = "<group>"; };
		6DFF69492B3AD9EE002F9277 /* CharacterDetailPresentable.swift */ = {isa = PBXFileReference; lastKnownFileType = sourcecode.swift; path = CharacterDetailPresentable.swift; sourceTree = "<group>"; };
		6DFF694B2B3AD9F6002F9277 /* CharacterDetailRouting.swift */ = {isa = PBXFileReference; lastKnownFileType = sourcecode.swift; path = CharacterDetailRouting.swift; sourceTree = "<group>"; };
		6DFF694D2B3ADA0B002F9277 /* CharacterDetailViewModel.swift */ = {isa = PBXFileReference; lastKnownFileType = sourcecode.swift; path = CharacterDetailViewModel.swift; sourceTree = "<group>"; };
		6DFF694F2B3ADA16002F9277 /* CharacterDetailMapper.swift */ = {isa = PBXFileReference; lastKnownFileType = sourcecode.swift; path = CharacterDetailMapper.swift; sourceTree = "<group>"; };
		6DFF69512B3ADA22002F9277 /* CharacterDetailView.swift */ = {isa = PBXFileReference; lastKnownFileType = sourcecode.swift; path = CharacterDetailView.swift; sourceTree = "<group>"; };
		6DFF69532B3ADA2C002F9277 /* CharacterDetailPresenter.swift */ = {isa = PBXFileReference; lastKnownFileType = sourcecode.swift; path = CharacterDetailPresenter.swift; sourceTree = "<group>"; };
		6DFF69552B3ADA3A002F9277 /* CharacterDetailInteractor.swift */ = {isa = PBXFileReference; lastKnownFileType = sourcecode.swift; path = CharacterDetailInteractor.swift; sourceTree = "<group>"; };
		6DFF69572B3ADA48002F9277 /* CharacterDetailRouter.swift */ = {isa = PBXFileReference; lastKnownFileType = sourcecode.swift; path = CharacterDetailRouter.swift; sourceTree = "<group>"; };
		6DFF695A2B3ADA66002F9277 /* CharacterDetailEntity.swift */ = {isa = PBXFileReference; lastKnownFileType = sourcecode.swift; path = CharacterDetailEntity.swift; sourceTree = "<group>"; };
		6DFF69662B3B406D002F9277 /* LocationCellView.swift */ = {isa = PBXFileReference; lastKnownFileType = sourcecode.swift; path = LocationCellView.swift; sourceTree = "<group>"; };
		6DFF69682B3B4075002F9277 /* LocationsListView.swift */ = {isa = PBXFileReference; lastKnownFileType = sourcecode.swift; path = LocationsListView.swift; sourceTree = "<group>"; };
		6DFF696A2B3B4081002F9277 /* LocationsListInteractor.swift */ = {isa = PBXFileReference; lastKnownFileType = sourcecode.swift; path = LocationsListInteractor.swift; sourceTree = "<group>"; };
		6DFF696C2B3B408A002F9277 /* LocationsListPresenter.swift */ = {isa = PBXFileReference; lastKnownFileType = sourcecode.swift; path = LocationsListPresenter.swift; sourceTree = "<group>"; };
		6DFF696E2B3B4092002F9277 /* LocationsListRouter.swift */ = {isa = PBXFileReference; lastKnownFileType = sourcecode.swift; path = LocationsListRouter.swift; sourceTree = "<group>"; };
		6DFF69702B3B409D002F9277 /* LocationCellViewModel.swift */ = {isa = PBXFileReference; lastKnownFileType = sourcecode.swift; path = LocationCellViewModel.swift; sourceTree = "<group>"; };
		6DFF69722B3B40A4002F9277 /* LocationMapper.swift */ = {isa = PBXFileReference; lastKnownFileType = sourcecode.swift; path = LocationMapper.swift; sourceTree = "<group>"; };
		6DFF69742B3B40B0002F9277 /* LocationsListInteractable.swift */ = {isa = PBXFileReference; lastKnownFileType = sourcecode.swift; path = LocationsListInteractable.swift; sourceTree = "<group>"; };
		6DFF69762B3B40B8002F9277 /* LocationsListPresentable.swift */ = {isa = PBXFileReference; lastKnownFileType = sourcecode.swift; path = LocationsListPresentable.swift; sourceTree = "<group>"; };
		6DFF69782B3B40C1002F9277 /* LocationsListUI.swift */ = {isa = PBXFileReference; lastKnownFileType = sourcecode.swift; path = LocationsListUI.swift; sourceTree = "<group>"; };
		6DFF697A2B3B40CD002F9277 /* LocationsListRouting.swift */ = {isa = PBXFileReference; lastKnownFileType = sourcecode.swift; path = LocationsListRouting.swift; sourceTree = "<group>"; };
		6DFF697D2B3B4114002F9277 /* LocationsResponseEntity.swift */ = {isa = PBXFileReference; lastKnownFileType = sourcecode.swift; path = LocationsResponseEntity.swift; sourceTree = "<group>"; };
		6DFF697F2B3B411F002F9277 /* LocationsEntity.swift */ = {isa = PBXFileReference; lastKnownFileType = sourcecode.swift; path = LocationsEntity.swift; sourceTree = "<group>"; };
/* End PBXFileReference section */

/* Begin PBXFrameworksBuildPhase section */
		6DFF69002B3ACF8A002F9277 /* Frameworks */ = {
			isa = PBXFrameworksBuildPhase;
			buildActionMask = 2147483647;
			files = (
				6DFF693B2B3AD488002F9277 /* Kingfisher in Frameworks */,
			);
			runOnlyForDeploymentPostprocessing = 0;
		};
/* End PBXFrameworksBuildPhase section */

/* Begin PBXGroup section */
		6D9D21132B3C24DE00431A8E /* Interfaces */ = {
			isa = PBXGroup;
			children = (
				6D9D21152B3C24F800431A8E /* LocationDetailInteractable.swift */,
				6D9D21172B3C250100431A8E /* LocationDetailPresenterUI.swift */,
				6D9D21192B3C250A00431A8E /* LocationDetailPresentable.swift */,
				6D9D211B2B3C251400431A8E /* LocationDetailRouting.swift */,
			);
			path = Interfaces;
			sourceTree = "<group>";
		};
		6D9D21142B3C24E400431A8E /* ViewModel */ = {
			isa = PBXGroup;
			children = (
				6D9D211D2B3C251D00431A8E /* LocationDetailViewModel.swift */,
				6D9D211F2B3C252600431A8E /* LocationDetailMapper.swift */,
				6D9D21662B3C558400431A8E /* LocationDetailResidentViewModel.swift */,
			);
			path = ViewModel;
			sourceTree = "<group>";
		};
		6D9D21292B3C25E800431A8E /* Entities */ = {
			isa = PBXGroup;
			children = (
				6D9D212A2B3C25F900431A8E /* LocationDetailEntity.swift */,
			);
			path = Entities;
			sourceTree = "<group>";
		};
		6D9D212C2B3C2A9E00431A8E /* EpisodesList */ = {
			isa = PBXGroup;
			children = (
				6D9D212E2B3C2ABC00431A8E /* Interfaces */,
				6D9D212F2B3C2AC200431A8E /* ViewModel */,
				6D9D21442B3C2B5600431A8E /* EpisodeCellView.swift */,
				6D9D21462B3C2B6000431A8E /* EpisodesListView.swift */,
				6D9D214A2B3C2B7300431A8E /* EpisodesListPresenter.swift */,
				6D9D21482B3C2B6A00431A8E /* EpisodesListInteractor.swift */,
				6D9D214C2B3C2B7B00431A8E /* EpisodesListRouter.swift */,
				6D9D21302B3C2AD000431A8E /* Entities */,
			);
			path = EpisodesList;
			sourceTree = "<group>";
		};
		6D9D212D2B3C2AA600431A8E /* EpisodeDetail */ = {
			isa = PBXGroup;
			children = (
				6D9D21312B3C2AD600431A8E /* Interfaces */,
				6D9D21322B3C2ADB00431A8E /* ViewModel */,
				6D9D215C2B3C2BD500431A8E /* EpisodeDetailView.swift */,
				6D9D215E2B3C2BDD00431A8E /* EpisodeDetailPresenter.swift */,
				6D9D21602B3C2BE500431A8E /* EpisodeDetailInteractor.swift */,
				6D9D21622B3C2BEC00431A8E /* EpisodeDetailRouter.swift */,
				6D9D21332B3C2AE100431A8E /* Entities */,
			);
			path = EpisodeDetail;
			sourceTree = "<group>";
		};
		6D9D212E2B3C2ABC00431A8E /* Interfaces */ = {
			isa = PBXGroup;
			children = (
				6D9D213C2B3C2B3100431A8E /* EpisodesListInteractable.swift */,
				6D9D213E2B3C2B3A00431A8E /* EpisodesListPresentable.swift */,
				6D9D21402B3C2B4300431A8E /* EpisodesListUI.swift */,
				6D9D21422B3C2B4B00431A8E /* EpisodesListRouting.swift */,
			);
			path = Interfaces;
			sourceTree = "<group>";
		};
		6D9D212F2B3C2AC200431A8E /* ViewModel */ = {
			isa = PBXGroup;
			children = (
				6D9D21382B3C2B1800431A8E /* EpisodeCellViewModel.swift */,
				6D9D213A2B3C2B2000431A8E /* EpisodeMapper.swift */,
			);
			path = ViewModel;
			sourceTree = "<group>";
		};
		6D9D21302B3C2AD000431A8E /* Entities */ = {
			isa = PBXGroup;
			children = (
				6D9D21342B3C2B0500431A8E /* EpisodesResponseEntity.swift */,
				6D9D21362B3C2B0D00431A8E /* EpisodesEntity.swift */,
			);
			path = Entities;
			sourceTree = "<group>";
		};
		6D9D21312B3C2AD600431A8E /* Interfaces */ = {
			isa = PBXGroup;
			children = (
				6D9D21542B3C2BAE00431A8E /* EpisodeDetailInteractable.swift */,
				6D9D21562B3C2BB700431A8E /* EpisodeDetailPresenterUI.swift */,
				6D9D21582B3C2BBE00431A8E /* EpisodeDetailPresentable.swift */,
				6D9D215A2B3C2BC700431A8E /* EpisodeDetailRouting.swift */,
			);
			path = Interfaces;
			sourceTree = "<group>";
		};
		6D9D21322B3C2ADB00431A8E /* ViewModel */ = {
			isa = PBXGroup;
			children = (
				6D9D21502B3C2B9900431A8E /* EpisodeDetailViewModel.swift */,
				6D9D21522B3C2BA000431A8E /* EpisodeDetailMapper.swift */,
			);
			path = ViewModel;
			sourceTree = "<group>";
		};
		6D9D21332B3C2AE100431A8E /* Entities */ = {
			isa = PBXGroup;
			children = (
				6D9D214E2B3C2B8E00431A8E /* EpisodeDetailEntity.swift */,
			);
			path = Entities;
			sourceTree = "<group>";
		};
		6DFF68FA2B3ACF8A002F9277 = {
			isa = PBXGroup;
			children = (
				6DFF69052B3ACF8A002F9277 /* RickAndMortyVIPER */,
				6DFF69042B3ACF8A002F9277 /* Products */,
			);
			sourceTree = "<group>";
		};
		6DFF69042B3ACF8A002F9277 /* Products */ = {
			isa = PBXGroup;
			children = (
				6DFF69032B3ACF8A002F9277 /* RickAndMortyVIPER.app */,
			);
			name = Products;
			sourceTree = "<group>";
		};
		6DFF69052B3ACF8A002F9277 /* RickAndMortyVIPER */ = {
			isa = PBXGroup;
			children = (
				6DFF69062B3ACF8A002F9277 /* AppDelegate.swift */,
				6DFF69082B3ACF8A002F9277 /* SceneDelegate.swift */,
				6DFF690A2B3ACF8A002F9277 /* ViewController.swift */,
				6DFF691B2B3ACFC7002F9277 /* CharactersList */,
				6DFF69422B3AD9A3002F9277 /* CharacterDetail */,
				6DFF69622B3B4024002F9277 /* LocationsList */,
				6DFF69632B3B402C002F9277 /* LocationDetail */,
				6D9D212C2B3C2A9E00431A8E /* EpisodesList */,
				6D9D212D2B3C2AA600431A8E /* EpisodeDetail */,
				6DFF691A2B3ACFAA002F9277 /* UI */,
				6DFF690C2B3ACF8A002F9277 /* Main.storyboard */,
				6DFF69142B3ACF8D002F9277 /* Info.plist */,
			);
			path = RickAndMortyVIPER;
			sourceTree = "<group>";
		};
		6DFF691A2B3ACFAA002F9277 /* UI */ = {
			isa = PBXGroup;
			children = (
				6DFF690F2B3ACF8D002F9277 /* Assets.xcassets */,
				6DFF69112B3ACF8D002F9277 /* LaunchScreen.storyboard */,
			);
			path = UI;
			sourceTree = "<group>";
		};
		6DFF691B2B3ACFC7002F9277 /* CharactersList */ = {
			isa = PBXGroup;
			children = (
				6DFF69222B3AD129002F9277 /* Interfaces */,
				6DFF69232B3AD147002F9277 /* ViewModel */,
				6DFF69242B3AD169002F9277 /* CharacterCellView.swift */,
				6DFF69262B3AD173002F9277 /* CharactersListView.swift */,
				6DFF692A2B3AD18C002F9277 /* CharactersListPresenter.swift */,
				6DFF69282B3AD181002F9277 /* CharactersListInteractor.swift */,
				6DFF692C2B3AD196002F9277 /* CharactersListRouter.swift */,
				6DFF692E2B3AD19A002F9277 /* Entities */,
			);
			path = CharactersList;
			sourceTree = "<group>";
		};
		6DFF69222B3AD129002F9277 /* Interfaces */ = {
			isa = PBXGroup;
			children = (
				6DFF69332B3AD2CF002F9277 /* CharactersListInteractable.swift */,
				6DFF693C2B3AD614002F9277 /* CharactersListPresentable.swift */,
				6DFF693E2B3AD638002F9277 /* CharactersListUI.swift */,
				6DFF69402B3AD843002F9277 /* CharactersListRouting.swift */,
			);
			path = Interfaces;
			sourceTree = "<group>";
		};
		6DFF69232B3AD147002F9277 /* ViewModel */ = {
			isa = PBXGroup;
			children = (
				6DFF69352B3AD387002F9277 /* CharacterCellViewModel.swift */,
				6DFF69372B3AD3FB002F9277 /* CharacterMapper.swift */,
			);
			path = ViewModel;
			sourceTree = "<group>";
		};
		6DFF692E2B3AD19A002F9277 /* Entities */ = {
			isa = PBXGroup;
			children = (
				6DFF692F2B3AD1D8002F9277 /* CharactersResponseEntity.swift */,
				6DFF69312B3AD20D002F9277 /* CharactersEntity.swift */,
			);
			path = Entities;
			sourceTree = "<group>";
		};
		6DFF69422B3AD9A3002F9277 /* CharacterDetail */ = {
			isa = PBXGroup;
			children = (
				6DFF69432B3AD9BB002F9277 /* Interfaces */,
				6DFF69442B3AD9C3002F9277 /* ViewModel */,
				6DFF69512B3ADA22002F9277 /* CharacterDetailView.swift */,
				6DFF69532B3ADA2C002F9277 /* CharacterDetailPresenter.swift */,
				6DFF69552B3ADA3A002F9277 /* CharacterDetailInteractor.swift */,
				6DFF69572B3ADA48002F9277 /* CharacterDetailRouter.swift */,
				6DFF69592B3ADA4E002F9277 /* Entities */,
			);
			path = CharacterDetail;
			sourceTree = "<group>";
		};
		6DFF69432B3AD9BB002F9277 /* Interfaces */ = {
			isa = PBXGroup;
			children = (
				6DFF69452B3AD9D6002F9277 /* CharacterDetailInteractable.swift */,
				6DFF69472B3AD9E3002F9277 /* CharacterDetailPresenterUI.swift */,
				6DFF69492B3AD9EE002F9277 /* CharacterDetailPresentable.swift */,
				6DFF694B2B3AD9F6002F9277 /* CharacterDetailRouting.swift */,
			);
			path = Interfaces;
			sourceTree = "<group>";
		};
		6DFF69442B3AD9C3002F9277 /* ViewModel */ = {
			isa = PBXGroup;
			children = (
				6DFF694D2B3ADA0B002F9277 /* CharacterDetailViewModel.swift */,
				6DFF694F2B3ADA16002F9277 /* CharacterDetailMapper.swift */,
				6D9D21642B3C396B00431A8E /* CharacterDetailEpisodeViewModel.swift */,
			);
			path = ViewModel;
			sourceTree = "<group>";
		};
		6DFF69592B3ADA4E002F9277 /* Entities */ = {
			isa = PBXGroup;
			children = (
				6DFF695A2B3ADA66002F9277 /* CharacterDetailEntity.swift */,
			);
			path = Entities;
			sourceTree = "<group>";
		};
		6DFF69622B3B4024002F9277 /* LocationsList */ = {
			isa = PBXGroup;
			children = (
				6DFF69642B3B404D002F9277 /* Interfaces */,
				6DFF69652B3B405A002F9277 /* ViewModel */,
				6DFF69662B3B406D002F9277 /* LocationCellView.swift */,
				6DFF69682B3B4075002F9277 /* LocationsListView.swift */,
				6DFF696C2B3B408A002F9277 /* LocationsListPresenter.swift */,
				6DFF696A2B3B4081002F9277 /* LocationsListInteractor.swift */,
				6DFF696E2B3B4092002F9277 /* LocationsListRouter.swift */,
				6DFF697C2B3B4102002F9277 /* Entities */,
			);
			path = LocationsList;
			sourceTree = "<group>";
		};
		6DFF69632B3B402C002F9277 /* LocationDetail */ = {
			isa = PBXGroup;
			children = (
				6D9D21132B3C24DE00431A8E /* Interfaces */,
				6D9D21142B3C24E400431A8E /* ViewModel */,
				6D9D21682B3C57AB00431A8E /* LocationDetailResidentCellView.swift */,
				6D9D21212B3C253100431A8E /* LocationDetailView.swift */,
				6D9D21232B3C253900431A8E /* LocationDetailPresenter.swift */,
				6D9D21252B3C254000431A8E /* LocationDetailInteractor.swift */,
				6D9D21272B3C254700431A8E /* LocationDetailRouter.swift */,
				6D9D21292B3C25E800431A8E /* Entities */,
			);
			path = LocationDetail;
			sourceTree = "<group>";
		};
		6DFF69642B3B404D002F9277 /* Interfaces */ = {
			isa = PBXGroup;
			children = (
				6DFF69742B3B40B0002F9277 /* LocationsListInteractable.swift */,
				6DFF69762B3B40B8002F9277 /* LocationsListPresentable.swift */,
				6DFF69782B3B40C1002F9277 /* LocationsListUI.swift */,
				6DFF697A2B3B40CD002F9277 /* LocationsListRouting.swift */,
			);
			path = Interfaces;
			sourceTree = "<group>";
		};
		6DFF69652B3B405A002F9277 /* ViewModel */ = {
			isa = PBXGroup;
			children = (
				6DFF69702B3B409D002F9277 /* LocationCellViewModel.swift */,
				6DFF69722B3B40A4002F9277 /* LocationMapper.swift */,
			);
			path = ViewModel;
			sourceTree = "<group>";
		};
		6DFF697C2B3B4102002F9277 /* Entities */ = {
			isa = PBXGroup;
			children = (
				6DFF697D2B3B4114002F9277 /* LocationsResponseEntity.swift */,
				6DFF697F2B3B411F002F9277 /* LocationsEntity.swift */,
			);
			path = Entities;
			sourceTree = "<group>";
		};
/* End PBXGroup section */

/* Begin PBXNativeTarget section */
		6DFF69022B3ACF8A002F9277 /* RickAndMortyVIPER */ = {
			isa = PBXNativeTarget;
			buildConfigurationList = 6DFF69172B3ACF8D002F9277 /* Build configuration list for PBXNativeTarget "RickAndMortyVIPER" */;
			buildPhases = (
				6DFF68FF2B3ACF8A002F9277 /* Sources */,
				6DFF69002B3ACF8A002F9277 /* Frameworks */,
				6DFF69012B3ACF8A002F9277 /* Resources */,
			);
			buildRules = (
			);
			dependencies = (
			);
			name = RickAndMortyVIPER;
			packageProductDependencies = (
				6DFF693A2B3AD488002F9277 /* Kingfisher */,
			);
			productName = RickAndMortyVIPER;
			productReference = 6DFF69032B3ACF8A002F9277 /* RickAndMortyVIPER.app */;
			productType = "com.apple.product-type.application";
		};
/* End PBXNativeTarget section */

/* Begin PBXProject section */
		6DFF68FB2B3ACF8A002F9277 /* Project object */ = {
			isa = PBXProject;
			attributes = {
				BuildIndependentTargetsInParallel = 1;
				LastSwiftUpdateCheck = 1510;
				LastUpgradeCheck = 1510;
				TargetAttributes = {
					6DFF69022B3ACF8A002F9277 = {
						CreatedOnToolsVersion = 15.1;
					};
				};
			};
			buildConfigurationList = 6DFF68FE2B3ACF8A002F9277 /* Build configuration list for PBXProject "RickAndMortyVIPER" */;
			compatibilityVersion = "Xcode 14.0";
			developmentRegion = en;
			hasScannedForEncodings = 0;
			knownRegions = (
				en,
				Base,
			);
			mainGroup = 6DFF68FA2B3ACF8A002F9277;
			packageReferences = (
				6DFF69392B3AD487002F9277 /* XCRemoteSwiftPackageReference "Kingfisher" */,
			);
			productRefGroup = 6DFF69042B3ACF8A002F9277 /* Products */;
			projectDirPath = "";
			projectRoot = "";
			targets = (
				6DFF69022B3ACF8A002F9277 /* RickAndMortyVIPER */,
			);
		};
/* End PBXProject section */

/* Begin PBXResourcesBuildPhase section */
		6DFF69012B3ACF8A002F9277 /* Resources */ = {
			isa = PBXResourcesBuildPhase;
			buildActionMask = 2147483647;
			files = (
				6DFF69132B3ACF8D002F9277 /* LaunchScreen.storyboard in Resources */,
				6DFF69102B3ACF8D002F9277 /* Assets.xcassets in Resources */,
				6DFF690E2B3ACF8A002F9277 /* Main.storyboard in Resources */,
			);
			runOnlyForDeploymentPostprocessing = 0;
		};
/* End PBXResourcesBuildPhase section */

/* Begin PBXSourcesBuildPhase section */
		6DFF68FF2B3ACF8A002F9277 /* Sources */ = {
			isa = PBXSourcesBuildPhase;
			buildActionMask = 2147483647;
			files = (
				6DFF694E2B3ADA0B002F9277 /* CharacterDetailViewModel.swift in Sources */,
				6D9D21412B3C2B4300431A8E /* EpisodesListUI.swift in Sources */,
				6DFF69292B3AD181002F9277 /* CharactersListInteractor.swift in Sources */,
				6D9D21182B3C250100431A8E /* LocationDetailPresenterUI.swift in Sources */,
				6DFF69692B3B4075002F9277 /* LocationsListView.swift in Sources */,
				6D9D21652B3C396B00431A8E /* CharacterDetailEpisodeViewModel.swift in Sources */,
				6D9D211A2B3C250A00431A8E /* LocationDetailPresentable.swift in Sources */,
				6DFF697B2B3B40CD002F9277 /* LocationsListRouting.swift in Sources */,
				6DFF693D2B3AD614002F9277 /* CharactersListPresentable.swift in Sources */,
				6DFF69502B3ADA16002F9277 /* CharacterDetailMapper.swift in Sources */,
				6DFF690B2B3ACF8A002F9277 /* ViewController.swift in Sources */,
				6DFF69672B3B406D002F9277 /* LocationCellView.swift in Sources */,
				6D9D21512B3C2B9900431A8E /* EpisodeDetailViewModel.swift in Sources */,
				6D9D21372B3C2B0D00431A8E /* EpisodesEntity.swift in Sources */,
				6D9D214D2B3C2B7B00431A8E /* EpisodesListRouter.swift in Sources */,
				6DFF69732B3B40A4002F9277 /* LocationMapper.swift in Sources */,
				6DFF692D2B3AD196002F9277 /* CharactersListRouter.swift in Sources */,
				6DFF69462B3AD9D6002F9277 /* CharacterDetailInteractable.swift in Sources */,
				6DFF696D2B3B408A002F9277 /* LocationsListPresenter.swift in Sources */,
				6D9D213D2B3C2B3100431A8E /* EpisodesListInteractable.swift in Sources */,
				6DFF69792B3B40C1002F9277 /* LocationsListUI.swift in Sources */,
				6D9D21262B3C254000431A8E /* LocationDetailInteractor.swift in Sources */,
				6DFF69272B3AD173002F9277 /* CharactersListView.swift in Sources */,
				6D9D21632B3C2BEC00431A8E /* EpisodeDetailRouter.swift in Sources */,
				6DFF69712B3B409D002F9277 /* LocationCellViewModel.swift in Sources */,
				6DFF693F2B3AD638002F9277 /* CharactersListUI.swift in Sources */,
				6D9D21352B3C2B0500431A8E /* EpisodesResponseEntity.swift in Sources */,
				6D9D212B2B3C25F900431A8E /* LocationDetailEntity.swift in Sources */,
				6DFF694C2B3AD9F6002F9277 /* CharacterDetailRouting.swift in Sources */,
				6D9D211E2B3C251D00431A8E /* LocationDetailViewModel.swift in Sources */,
				6DFF69362B3AD387002F9277 /* CharacterCellViewModel.swift in Sources */,
				6D9D21282B3C254700431A8E /* LocationDetailRouter.swift in Sources */,
				6D9D214F2B3C2B8E00431A8E /* EpisodeDetailEntity.swift in Sources */,
				6D9D215B2B3C2BC700431A8E /* EpisodeDetailRouting.swift in Sources */,
				6D9D21452B3C2B5600431A8E /* EpisodeCellView.swift in Sources */,
				6D9D21552B3C2BAE00431A8E /* EpisodeDetailInteractable.swift in Sources */,
				6D9D21572B3C2BB700431A8E /* EpisodeDetailPresenterUI.swift in Sources */,
				6D9D213F2B3C2B3A00431A8E /* EpisodesListPresentable.swift in Sources */,
				6DFF69752B3B40B0002F9277 /* LocationsListInteractable.swift in Sources */,
				6D9D21612B3C2BE500431A8E /* EpisodeDetailInteractor.swift in Sources */,
				6DFF69302B3AD1D8002F9277 /* CharactersResponseEntity.swift in Sources */,
				6DFF69772B3B40B8002F9277 /* LocationsListPresentable.swift in Sources */,
				6D9D21162B3C24F800431A8E /* LocationDetailInteractable.swift in Sources */,
				6DFF69522B3ADA22002F9277 /* CharacterDetailView.swift in Sources */,
				6DFF69072B3ACF8A002F9277 /* AppDelegate.swift in Sources */,
				6DFF692B2B3AD18C002F9277 /* CharactersListPresenter.swift in Sources */,
				6DFF69582B3ADA48002F9277 /* CharacterDetailRouter.swift in Sources */,
				6DFF69562B3ADA3A002F9277 /* CharacterDetailInteractor.swift in Sources */,
				6D9D21692B3C57AB00431A8E /* LocationDetailResidentCellView.swift in Sources */,
				6D9D21202B3C252600431A8E /* LocationDetailMapper.swift in Sources */,
				6DFF69412B3AD843002F9277 /* CharactersListRouting.swift in Sources */,
				6D9D211C2B3C251400431A8E /* LocationDetailRouting.swift in Sources */,
				6DFF695B2B3ADA66002F9277 /* CharacterDetailEntity.swift in Sources */,
				6D9D21432B3C2B4B00431A8E /* EpisodesListRouting.swift in Sources */,
				6DFF69252B3AD169002F9277 /* CharacterCellView.swift in Sources */,
				6D9D21592B3C2BBE00431A8E /* EpisodeDetailPresentable.swift in Sources */,
				6DFF69542B3ADA2C002F9277 /* CharacterDetailPresenter.swift in Sources */,
				6D9D21222B3C253100431A8E /* LocationDetailView.swift in Sources */,
				6D9D21392B3C2B1800431A8E /* EpisodeCellViewModel.swift in Sources */,
				6DFF69322B3AD20D002F9277 /* CharactersEntity.swift in Sources */,
				6D9D21532B3C2BA000431A8E /* EpisodeDetailMapper.swift in Sources */,
				6D9D215D2B3C2BD500431A8E /* EpisodeDetailView.swift in Sources */,
				6DFF69482B3AD9E3002F9277 /* CharacterDetailPresenterUI.swift in Sources */,
				6DFF696B2B3B4081002F9277 /* LocationsListInteractor.swift in Sources */,
				6DFF69802B3B411F002F9277 /* LocationsEntity.swift in Sources */,
				6D9D214B2B3C2B7300431A8E /* EpisodesListPresenter.swift in Sources */,
				6D9D21472B3C2B6000431A8E /* EpisodesListView.swift in Sources */,
				6DFF69342B3AD2CF002F9277 /* CharactersListInteractable.swift in Sources */,
				6D9D21672B3C558400431A8E /* LocationDetailResidentViewModel.swift in Sources */,
				6D9D21492B3C2B6A00431A8E /* EpisodesListInteractor.swift in Sources */,
				6DFF694A2B3AD9EE002F9277 /* CharacterDetailPresentable.swift in Sources */,
				6DFF696F2B3B4092002F9277 /* LocationsListRouter.swift in Sources */,
				6D9D21242B3C253900431A8E /* LocationDetailPresenter.swift in Sources */,
				6DFF69382B3AD3FB002F9277 /* CharacterMapper.swift in Sources */,
				6DFF69092B3ACF8A002F9277 /* SceneDelegate.swift in Sources */,
				6D9D213B2B3C2B2000431A8E /* EpisodeMapper.swift in Sources */,
				6D9D215F2B3C2BDD00431A8E /* EpisodeDetailPresenter.swift in Sources */,
				6DFF697E2B3B4114002F9277 /* LocationsResponseEntity.swift in Sources */,
			);
			runOnlyForDeploymentPostprocessing = 0;
		};
/* End PBXSourcesBuildPhase section */

/* Begin PBXVariantGroup section */
		6DFF690C2B3ACF8A002F9277 /* Main.storyboard */ = {
			isa = PBXVariantGroup;
			children = (
				6DFF690D2B3ACF8A002F9277 /* Base */,
			);
			name = Main.storyboard;
			sourceTree = "<group>";
		};
		6DFF69112B3ACF8D002F9277 /* LaunchScreen.storyboard */ = {
			isa = PBXVariantGroup;
			children = (
				6DFF69122B3ACF8D002F9277 /* Base */,
			);
			name = LaunchScreen.storyboard;
			sourceTree = "<group>";
		};
/* End PBXVariantGroup section */

/* Begin XCBuildConfiguration section */
		6DFF69152B3ACF8D002F9277 /* Debug */ = {
			isa = XCBuildConfiguration;
			buildSettings = {
				ALWAYS_SEARCH_USER_PATHS = NO;
				ASSETCATALOG_COMPILER_GENERATE_SWIFT_ASSET_SYMBOL_EXTENSIONS = YES;
				CLANG_ANALYZER_NONNULL = YES;
				CLANG_ANALYZER_NUMBER_OBJECT_CONVERSION = YES_AGGRESSIVE;
				CLANG_CXX_LANGUAGE_STANDARD = "gnu++20";
				CLANG_ENABLE_MODULES = YES;
				CLANG_ENABLE_OBJC_ARC = YES;
				CLANG_ENABLE_OBJC_WEAK = YES;
				CLANG_WARN_BLOCK_CAPTURE_AUTORELEASING = YES;
				CLANG_WARN_BOOL_CONVERSION = YES;
				CLANG_WARN_COMMA = YES;
				CLANG_WARN_CONSTANT_CONVERSION = YES;
				CLANG_WARN_DEPRECATED_OBJC_IMPLEMENTATIONS = YES;
				CLANG_WARN_DIRECT_OBJC_ISA_USAGE = YES_ERROR;
				CLANG_WARN_DOCUMENTATION_COMMENTS = YES;
				CLANG_WARN_EMPTY_BODY = YES;
				CLANG_WARN_ENUM_CONVERSION = YES;
				CLANG_WARN_INFINITE_RECURSION = YES;
				CLANG_WARN_INT_CONVERSION = YES;
				CLANG_WARN_NON_LITERAL_NULL_CONVERSION = YES;
				CLANG_WARN_OBJC_IMPLICIT_RETAIN_SELF = YES;
				CLANG_WARN_OBJC_LITERAL_CONVERSION = YES;
				CLANG_WARN_OBJC_ROOT_CLASS = YES_ERROR;
				CLANG_WARN_QUOTED_INCLUDE_IN_FRAMEWORK_HEADER = YES;
				CLANG_WARN_RANGE_LOOP_ANALYSIS = YES;
				CLANG_WARN_STRICT_PROTOTYPES = YES;
				CLANG_WARN_SUSPICIOUS_MOVE = YES;
				CLANG_WARN_UNGUARDED_AVAILABILITY = YES_AGGRESSIVE;
				CLANG_WARN_UNREACHABLE_CODE = YES;
				CLANG_WARN__DUPLICATE_METHOD_MATCH = YES;
				COPY_PHASE_STRIP = NO;
				DEBUG_INFORMATION_FORMAT = dwarf;
				ENABLE_STRICT_OBJC_MSGSEND = YES;
				ENABLE_TESTABILITY = YES;
				ENABLE_USER_SCRIPT_SANDBOXING = YES;
				GCC_C_LANGUAGE_STANDARD = gnu17;
				GCC_DYNAMIC_NO_PIC = NO;
				GCC_NO_COMMON_BLOCKS = YES;
				GCC_OPTIMIZATION_LEVEL = 0;
				GCC_PREPROCESSOR_DEFINITIONS = (
					"DEBUG=1",
					"$(inherited)",
				);
				GCC_WARN_64_TO_32_BIT_CONVERSION = YES;
				GCC_WARN_ABOUT_RETURN_TYPE = YES_ERROR;
				GCC_WARN_UNDECLARED_SELECTOR = YES;
				GCC_WARN_UNINITIALIZED_AUTOS = YES_AGGRESSIVE;
				GCC_WARN_UNUSED_FUNCTION = YES;
				GCC_WARN_UNUSED_VARIABLE = YES;
				IPHONEOS_DEPLOYMENT_TARGET = 17.2;
				LOCALIZATION_PREFERS_STRING_CATALOGS = YES;
				MTL_ENABLE_DEBUG_INFO = INCLUDE_SOURCE;
				MTL_FAST_MATH = YES;
				ONLY_ACTIVE_ARCH = YES;
				SDKROOT = iphoneos;
				SWIFT_ACTIVE_COMPILATION_CONDITIONS = "DEBUG $(inherited)";
				SWIFT_OPTIMIZATION_LEVEL = "-Onone";
			};
			name = Debug;
		};
		6DFF69162B3ACF8D002F9277 /* Release */ = {
			isa = XCBuildConfiguration;
			buildSettings = {
				ALWAYS_SEARCH_USER_PATHS = NO;
				ASSETCATALOG_COMPILER_GENERATE_SWIFT_ASSET_SYMBOL_EXTENSIONS = YES;
				CLANG_ANALYZER_NONNULL = YES;
				CLANG_ANALYZER_NUMBER_OBJECT_CONVERSION = YES_AGGRESSIVE;
				CLANG_CXX_LANGUAGE_STANDARD = "gnu++20";
				CLANG_ENABLE_MODULES = YES;
				CLANG_ENABLE_OBJC_ARC = YES;
				CLANG_ENABLE_OBJC_WEAK = YES;
				CLANG_WARN_BLOCK_CAPTURE_AUTORELEASING = YES;
				CLANG_WARN_BOOL_CONVERSION = YES;
				CLANG_WARN_COMMA = YES;
				CLANG_WARN_CONSTANT_CONVERSION = YES;
				CLANG_WARN_DEPRECATED_OBJC_IMPLEMENTATIONS = YES;
				CLANG_WARN_DIRECT_OBJC_ISA_USAGE = YES_ERROR;
				CLANG_WARN_DOCUMENTATION_COMMENTS = YES;
				CLANG_WARN_EMPTY_BODY = YES;
				CLANG_WARN_ENUM_CONVERSION = YES;
				CLANG_WARN_INFINITE_RECURSION = YES;
				CLANG_WARN_INT_CONVERSION = YES;
				CLANG_WARN_NON_LITERAL_NULL_CONVERSION = YES;
				CLANG_WARN_OBJC_IMPLICIT_RETAIN_SELF = YES;
				CLANG_WARN_OBJC_LITERAL_CONVERSION = YES;
				CLANG_WARN_OBJC_ROOT_CLASS = YES_ERROR;
				CLANG_WARN_QUOTED_INCLUDE_IN_FRAMEWORK_HEADER = YES;
				CLANG_WARN_RANGE_LOOP_ANALYSIS = YES;
				CLANG_WARN_STRICT_PROTOTYPES = YES;
				CLANG_WARN_SUSPICIOUS_MOVE = YES;
				CLANG_WARN_UNGUARDED_AVAILABILITY = YES_AGGRESSIVE;
				CLANG_WARN_UNREACHABLE_CODE = YES;
				CLANG_WARN__DUPLICATE_METHOD_MATCH = YES;
				COPY_PHASE_STRIP = NO;
				DEBUG_INFORMATION_FORMAT = "dwarf-with-dsym";
				ENABLE_NS_ASSERTIONS = NO;
				ENABLE_STRICT_OBJC_MSGSEND = YES;
				ENABLE_USER_SCRIPT_SANDBOXING = YES;
				GCC_C_LANGUAGE_STANDARD = gnu17;
				GCC_NO_COMMON_BLOCKS = YES;
				GCC_WARN_64_TO_32_BIT_CONVERSION = YES;
				GCC_WARN_ABOUT_RETURN_TYPE = YES_ERROR;
				GCC_WARN_UNDECLARED_SELECTOR = YES;
				GCC_WARN_UNINITIALIZED_AUTOS = YES_AGGRESSIVE;
				GCC_WARN_UNUSED_FUNCTION = YES;
				GCC_WARN_UNUSED_VARIABLE = YES;
				IPHONEOS_DEPLOYMENT_TARGET = 17.2;
				LOCALIZATION_PREFERS_STRING_CATALOGS = YES;
				MTL_ENABLE_DEBUG_INFO = NO;
				MTL_FAST_MATH = YES;
				SDKROOT = iphoneos;
				SWIFT_COMPILATION_MODE = wholemodule;
				VALIDATE_PRODUCT = YES;
			};
			name = Release;
		};
		6DFF69182B3ACF8D002F9277 /* Debug */ = {
			isa = XCBuildConfiguration;
			buildSettings = {
				ASSETCATALOG_COMPILER_APPICON_NAME = AppIcon;
				ASSETCATALOG_COMPILER_GLOBAL_ACCENT_COLOR_NAME = AccentColor;
				CODE_SIGN_STYLE = Automatic;
				CURRENT_PROJECT_VERSION = 1;
				DEVELOPMENT_TEAM = BDJY23GUM8;
				GENERATE_INFOPLIST_FILE = YES;
				INFOPLIST_FILE = RickAndMortyVIPER/Info.plist;
				INFOPLIST_KEY_UIApplicationSupportsIndirectInputEvents = YES;
				INFOPLIST_KEY_UILaunchStoryboardName = LaunchScreen;
				INFOPLIST_KEY_UIMainStoryboardFile = Main;
				INFOPLIST_KEY_UISupportedInterfaceOrientations_iPad = "UIInterfaceOrientationPortrait UIInterfaceOrientationPortraitUpsideDown UIInterfaceOrientationLandscapeLeft UIInterfaceOrientationLandscapeRight";
				INFOPLIST_KEY_UISupportedInterfaceOrientations_iPhone = "UIInterfaceOrientationPortrait UIInterfaceOrientationLandscapeLeft UIInterfaceOrientationLandscapeRight";
				IPHONEOS_DEPLOYMENT_TARGET = 17.0;
				LD_RUNPATH_SEARCH_PATHS = (
					"$(inherited)",
					"@executable_path/Frameworks",
				);
				MARKETING_VERSION = 1.0;
				PRODUCT_BUNDLE_IDENTIFIER = com.edguitian.RickAndMortyVIPER;
				PRODUCT_NAME = "$(TARGET_NAME)";
				SWIFT_EMIT_LOC_STRINGS = YES;
				SWIFT_VERSION = 5.0;
				TARGETED_DEVICE_FAMILY = "1,2";
			};
			name = Debug;
		};
		6DFF69192B3ACF8D002F9277 /* Release */ = {
			isa = XCBuildConfiguration;
			buildSettings = {
				ASSETCATALOG_COMPILER_APPICON_NAME = AppIcon;
				ASSETCATALOG_COMPILER_GLOBAL_ACCENT_COLOR_NAME = AccentColor;
				CODE_SIGN_STYLE = Automatic;
				CURRENT_PROJECT_VERSION = 1;
				DEVELOPMENT_TEAM = BDJY23GUM8;
				GENERATE_INFOPLIST_FILE = YES;
				INFOPLIST_FILE = RickAndMortyVIPER/Info.plist;
				INFOPLIST_KEY_UIApplicationSupportsIndirectInputEvents = YES;
				INFOPLIST_KEY_UILaunchStoryboardName = LaunchScreen;
				INFOPLIST_KEY_UIMainStoryboardFile = Main;
				INFOPLIST_KEY_UISupportedInterfaceOrientations_iPad = "UIInterfaceOrientationPortrait UIInterfaceOrientationPortraitUpsideDown UIInterfaceOrientationLandscapeLeft UIInterfaceOrientationLandscapeRight";
				INFOPLIST_KEY_UISupportedInterfaceOrientations_iPhone = "UIInterfaceOrientationPortrait UIInterfaceOrientationLandscapeLeft UIInterfaceOrientationLandscapeRight";
				IPHONEOS_DEPLOYMENT_TARGET = 17.0;
				LD_RUNPATH_SEARCH_PATHS = (
					"$(inherited)",
					"@executable_path/Frameworks",
				);
				MARKETING_VERSION = 1.0;
				PRODUCT_BUNDLE_IDENTIFIER = com.edguitian.RickAndMortyVIPER;
				PRODUCT_NAME = "$(TARGET_NAME)";
				SWIFT_EMIT_LOC_STRINGS = YES;
				SWIFT_VERSION = 5.0;
				TARGETED_DEVICE_FAMILY = "1,2";
			};
			name = Release;
		};
/* End XCBuildConfiguration section */

/* Begin XCConfigurationList section */
		6DFF68FE2B3ACF8A002F9277 /* Build configuration list for PBXProject "RickAndMortyVIPER" */ = {
			isa = XCConfigurationList;
			buildConfigurations = (
				6DFF69152B3ACF8D002F9277 /* Debug */,
				6DFF69162B3ACF8D002F9277 /* Release */,
			);
			defaultConfigurationIsVisible = 0;
			defaultConfigurationName = Release;
		};
		6DFF69172B3ACF8D002F9277 /* Build configuration list for PBXNativeTarget "RickAndMortyVIPER" */ = {
			isa = XCConfigurationList;
			buildConfigurations = (
				6DFF69182B3ACF8D002F9277 /* Debug */,
				6DFF69192B3ACF8D002F9277 /* Release */,
			);
			defaultConfigurationIsVisible = 0;
			defaultConfigurationName = Release;
		};
/* End XCConfigurationList section */

/* Begin XCRemoteSwiftPackageReference section */
		6DFF69392B3AD487002F9277 /* XCRemoteSwiftPackageReference "Kingfisher" */ = {
			isa = XCRemoteSwiftPackageReference;
			repositoryURL = "https://github.com/onevcat/Kingfisher";
			requirement = {
				kind = upToNextMajorVersion;
				minimumVersion = 7.10.1;
			};
		};
/* End XCRemoteSwiftPackageReference section */

/* Begin XCSwiftPackageProductDependency section */
		6DFF693A2B3AD488002F9277 /* Kingfisher */ = {
			isa = XCSwiftPackageProductDependency;
			package = 6DFF69392B3AD487002F9277 /* XCRemoteSwiftPackageReference "Kingfisher" */;
			productName = Kingfisher;
		};
/* End XCSwiftPackageProductDependency section */
	};
	rootObject = 6DFF68FB2B3ACF8A002F9277 /* Project object */;
}
